{
  "name": "Hubert-eats",
  "lockfileVersion": 3,
  "requires": true,
  "packages": {
    "": {
      "devDependencies": {
        "@types/jsonwebtoken": "^9.0.0"
      }
    },
    "node_modules/@types/jsonwebtoken": {
      "version": "9.0.0",
      "resolved": "https://registry.npmjs.org/@types/jsonwebtoken/-/jsonwebtoken-9.0.0.tgz",
      "integrity": "sha512-mM4TkDpA9oixqg1Fv2vVpOFyIVLJjm5x4k0V+K/rEsizfjD7Tk7LKk3GTtbB7KCfP0FEHQtsZqFxYA0+sijNVg==",
      "dev": true,
      "dependencies": {
        "@types/node": "*"
      }
    },
    "node_modules/@types/node": {
      "version": "18.11.18",
      "resolved": "https://registry.npmjs.org/@types/node/-/node-18.11.18.tgz",
      "integrity": "sha512-DHQpWGjyQKSHj3ebjFI/wRKcqQcdR+MoFBygntYOZytCqNfkd2ZC4ARDJ2DQqhjH5p85Nnd3jhUJIXrszFX/JA==",
      "dev": true
    }
  }
}
