
Microsoft Visual Studio Solution File, Format Version 12.00
# Visual Studio Version 17
VisualStudioVersion = 17.4.33205.214
MinimumVisualStudioVersion = 10.0.40219.1
Project("{FAE04EC0-301F-11D3-BF4B-00C04F79EFBC}") = "Hubert_Eats_manager", "Hubert_Eats_manager\Hubert_Eats_manager.csproj", "{6B50DCEE-8DED-40C8-9512-6505D52760DC}"
EndProject
Global
	GlobalSection(SolutionConfigurationPlatforms) = preSolution
		Debug|Any CPU = Debug|Any CPU
		Release|Any CPU = Release|Any CPU
	EndGlobalSection
	GlobalSection(ProjectConfigurationPlatforms) = postSolution
		{6B50DCEE-8DED-40C8-9512-6505D52760DC}.Debug|Any CPU.ActiveCfg = Debug|Any CPU
		{6B50DCEE-8DED-40C8-9512-6505D52760DC}.Debug|Any CPU.Build.0 = Debug|Any CPU
		{6B50DCEE-8DED-40C8-9512-6505D52760DC}.Release|Any CPU.ActiveCfg = Release|Any CPU
		{6B50DCEE-8DED-40C8-9512-6505D52760DC}.Release|Any CPU.Build.0 = Release|Any CPU
	EndGlobalSection
	GlobalSection(SolutionProperties) = preSolution
		HideSolutionNode = FALSE
	EndGlobalSection
	GlobalSection(ExtensibilityGlobals) = postSolution
		SolutionGuid = {D2B918E9-C6EB-4A36-81DE-D1D7791C418C}
	EndGlobalSection
EndGlobal
